
Microsoft Visual Studio Solution File, Format Version 12.00
# Visual Studio 15
VisualStudioVersion = 15.0.27428.2043
MinimumVisualStudioVersion = 10.0.40219.1
Project("{FAE04EC0-301F-11D3-BF4B-00C04F79EFBC}") = "Software", "Software\Software.csproj", "{DF11E9A6-33C1-4CBE-8089-8E3718FAA808}"
EndProject
Project("{FAE04EC0-301F-11D3-BF4B-00C04F79EFBC}") = "Forms", "Forms\Forms.csproj", "{D151DD44-8990-48CE-9C35-87C6ECC54D88}"
EndProject
Global
	GlobalSection(SolutionConfigurationPlatforms) = preSolution
		Debug|Any CPU = Debug|Any CPU
		Release|Any CPU = Release|Any CPU
	EndGlobalSection
	GlobalSection(ProjectConfigurationPlatforms) = postSolution
		{DF11E9A6-33C1-4CBE-8089-8E3718FAA808}.Debug|Any CPU.ActiveCfg = Debug|Any CPU
		{DF11E9A6-33C1-4CBE-8089-8E3718FAA808}.Debug|Any CPU.Build.0 = Debug|Any CPU
		{DF11E9A6-33C1-4CBE-8089-8E3718FAA808}.Release|Any CPU.ActiveCfg = Release|Any CPU
		{DF11E9A6-33C1-4CBE-8089-8E3718FAA808}.Release|Any CPU.Build.0 = Release|Any CPU
		{D151DD44-8990-48CE-9C35-87C6ECC54D88}.Debug|Any CPU.ActiveCfg = Debug|Any CPU
		{D151DD44-8990-48CE-9C35-87C6ECC54D88}.Debug|Any CPU.Build.0 = Debug|Any CPU
		{D151DD44-8990-48CE-9C35-87C6ECC54D88}.Release|Any CPU.ActiveCfg = Release|Any CPU
		{D151DD44-8990-48CE-9C35-87C6ECC54D88}.Release|Any CPU.Build.0 = Release|Any CPU
	EndGlobalSection
	GlobalSection(SolutionProperties) = preSolution
		HideSolutionNode = FALSE
	EndGlobalSection
	GlobalSection(ExtensibilityGlobals) = postSolution
		SolutionGuid = {8E384C02-6C1D-4640-AC83-4C46C328D3B7}
	EndGlobalSection
EndGlobal
